# THIS IS AN AUTOGENERATED FILE. DO NOT EDIT THIS FILE DIRECTLY.
# yarn lockfile v1


axios@^0.21.1:
  version "0.21.1"
  resolved "https://registry.yarnpkg.com/axios/-/axios-0.21.1.tgz#22563481962f4d6bde9a76d516ef0e5d3c09b2b8"
  integrity sha512-dKQiRHxGD9PPRIUNIWvZhPTPpl1rf/OxTYKsqKUDjBwYylTvV7SjSHJb9ratfyzM6wCdLCOYLzs73qpg5c4iGA==
  dependencies:
    follow-redirects "^1.10.0"

body@^5.1.0:
  version "5.1.0"
  resolved "https://registry.yarnpkg.com/body/-/body-5.1.0.tgz#e4ba0ce410a46936323367609ecb4e6553125069"
  integrity sha1-5LoM5BCkaTYyM2dgnstOZVMSUGk=
  dependencies:
    continuable-cache "^0.3.1"
    error "^7.0.0"
    raw-body "~1.1.0"
    safe-json-parse "~1.0.1"

bytes@1:
  version "1.0.0"
  resolved "https://registry.yarnpkg.com/bytes/-/bytes-1.0.0.tgz#3569ede8ba34315fab99c3e92cb04c7220de1fa8"
  integrity sha1-NWnt6Lo0MV+rmcPpLLBMciDeH6g=

continuable-cache@^0.3.1:
  version "0.3.1"
  resolved "https://registry.yarnpkg.com/continuable-cache/-/continuable-cache-0.3.1.tgz#bd727a7faed77e71ff3985ac93351a912733ad0f"
  integrity sha1-vXJ6f67XfnH/OYWskzUakSczrQ8=

error@^7.0.0:
  version "7.2.1"
  resolved "https://registry.yarnpkg.com/error/-/error-7.2.1.tgz#eab21a4689b5f684fc83da84a0e390de82d94894"
  integrity sha512-fo9HBvWnx3NGUKMvMwB/CBCMMrfEJgbDTVDEkPygA3Bdd3lM1OyCd+rbQ8BwnpF6GdVeOLDNmyL4N5Bg80ZvdA==
  dependencies:
    string-template "~0.2.1"

follow-redirects@^1.10.0:
  version "1.13.1"
  resolved "https://registry.yarnpkg.com/follow-redirects/-/follow-redirects-1.13.1.tgz#5f69b813376cee4fd0474a3aba835df04ab763b7"
  integrity sha512-SSG5xmZh1mkPGyKzjZP8zLjltIfpW32Y5QpdNJyjcfGxK3qo3NDDkZOZSFiGn1A6SclQxY9GzEwAHQ3dmYRWpg==

formidable@1.2.0:
  version "1.2.0"
  resolved "https://registry.yarnpkg.com/formidable/-/formidable-1.2.0.tgz#ce291bfec67c176e282f891ece2c37de0c83ae84"
  integrity sha512-hr9aT30rAi7kf8Q2aaTpSP7xGMhlJ+MdrUDVZs3rxbD3L/K46A86s2VY7qC2D2kGYGBtiT/3j6wTx1eeUq5xAQ==

raw-body@~1.1.0:
  version "1.1.7"
  resolved "https://registry.yarnpkg.com/raw-body/-/raw-body-1.1.7.tgz#1d027c2bfa116acc6623bca8f00016572a87d425"
  integrity sha1-HQJ8K/oRasxmI7yo8AAWVyqH1CU=
  dependencies:
    bytes "1"
    string_decoder "0.10"

safe-json-parse@~1.0.1:
  version "1.0.1"
  resolved "https://registry.yarnpkg.com/safe-json-parse/-/safe-json-parse-1.0.1.tgz#3e76723e38dfdda13c9b1d29a1e07ffee4b30b57"
  integrity sha1-PnZyPjjf3aE8mx0poeB//uSzC1c=

string-template@~0.2.1:
  version "0.2.1"
  resolved "https://registry.yarnpkg.com/string-template/-/string-template-0.2.1.tgz#42932e598a352d01fc22ec3367d9d84eec6c9add"
  integrity sha1-QpMuWYo1LQH8IuwzZ9nYTuxsmt0=

string_decoder@0.10:
  version "0.10.31"
  resolved "https://registry.yarnpkg.com/string_decoder/-/string_decoder-0.10.31.tgz#62e203bc41766c6c28c9fc84301dab1c5310fa94"
  integrity sha1-YuIDvEF2bGwoyfyEMB2rHFMQ+pQ=
